// !$*UTF8*$!
{
	archiveVersion = 1;
	classes = {
	};
	objectVersion = 77;
	objects = {

/* Begin PBXContainerItemProxy section */
		D831B4B22F0239610089CDFA /* PBXContainerItemProxy */ = {
			isa = PBXContainerItemProxy;
			containerPortal = D831B49A2F0239600089CDFA /* Project object */;
			proxyType = 1;
			remoteGlobalIDString = D831B4A12F0239600089CDFA;
			remoteInfo = SortformerTest;
		};
		D831B4BC2F0239610089CDFA /* PBXContainerItemProxy */ = {
			isa = PBXContainerItemProxy;
			containerPortal = D831B49A2F0239600089CDFA /* Project object */;
			proxyType = 1;
			remoteGlobalIDString = D831B4A12F0239600089CDFA;
			remoteInfo = SortformerTest;
		};
/* End PBXContainerItemProxy section */

/* Begin PBXFileReference section */
		D831B4A22F0239600089CDFA /* SortformerTest.app */ = {isa = PBXFileReference; explicitFileType = wrapper.application; includeInIndex = 0; path = SortformerTest.app; sourceTree = BUILT_PRODUCTS_DIR; };
		D831B4B12F0239610089CDFA /* SortformerTestTests.xctest */ = {isa = PBXFileReference; explicitFileType = wrapper.cfbundle; includeInIndex = 0; path = SortformerTestTests.xctest; sourceTree = BUILT_PRODUCTS_DIR; };
		D831B4BB2F0239610089CDFA /* SortformerTestUITests.xctest */ = {isa = PBXFileReference; explicitFileType = wrapper.cfbundle; includeInIndex = 0; path = SortformerTestUITests.xctest; sourceTree = BUILT_PRODUCTS_DIR; };
/* End PBXFileReference section */

/* Begin PBXFileSystemSynchronizedRootGroup section */
		D831B4A42F0239600089CDFA /* SortformerTest */ = {
			isa = PBXFileSystemSynchronizedRootGroup;
			path = SortformerTest;
			sourceTree = "<group>";
		};
		D831B4B42F0239610089CDFA /* SortformerTestTests */ = {
			isa = PBXFileSystemSynchronizedRootGroup;
			path = SortformerTestTests;
			sourceTree = "<group>";
		};
		D831B4BE2F0239610089CDFA /* SortformerTestUITests */ = {
			isa = PBXFileSystemSynchronizedRootGroup;
			path = SortformerTestUITests;
			sourceTree = "<group>";
		};
/* End PBXFileSystemSynchronizedRootGroup section */

/* Begin PBXFrameworksBuildPhase section */
		D831B49F2F0239600089CDFA /* Frameworks */ = {
			isa = PBXFrameworksBuildPhase;
			buildActionMask = 2147483647;
			files = (
			);
			runOnlyForDeploymentPostprocessing = 0;
		};
		D831B4AE2F0239610089CDFA /* Frameworks */ = {
			isa = PBXFrameworksBuildPhase;
			buildActionMask = 2147483647;
			files = (
			);
			runOnlyForDeploymentPostprocessing = 0;
		};
		D831B4B82F0239610089CDFA /* Frameworks */ = {
			isa = PBXFrameworksBuildPhase;
			buildActionMask = 2147483647;
			files = (
			);
			runOnlyForDeploymentPostprocessing = 0;
		};
/* End PBXFrameworksBuildPhase section */

/* Begin PBXGroup section */
		D831B4992F0239600089CDFA = {
			isa = PBXGroup;
			children = (
				D831B4A42F0239600089CDFA /* SortformerTest */,
				D831B4B42F0239610089CDFA /* SortformerTestTests */,
				D831B4BE2F0239610089CDFA /* SortformerTestUITests */,
				D831B4A32F0239600089CDFA /* Products */,
			);
			sourceTree = "<group>";
		};
		D831B4A32F0239600089CDFA /* Products */ = {
			isa = PBXGroup;
			children = (
				D831B4A22F0239600089CDFA /* SortformerTest.app */,
				D831B4B12F0239610089CDFA /* SortformerTestTests.xctest */,
				D831B4BB2F0239610089CDFA /* SortformerTestUITests.xctest */,
			);
			name = Products;
			sourceTree = "<group>";
		};
/* End PBXGroup section */

/* Begin PBXNativeTarget section */
		D831B4A12F0239600089CDFA /* SortformerTest */ = {
			isa = PBXNativeTarget;
			buildConfigurationList = D831B4C52F0239610089CDFA /* Build configuration list for PBXNativeTarget "SortformerTest" */;
			buildPhases = (
				D831B49E2F0239600089CDFA /* Sources */,
				D831B49F2F0239600089CDFA /* Frameworks */,
				D831B4A02F0239600089CDFA /* Resources */,
			);
			buildRules = (
			);
			dependencies = (
			);
			fileSystemSynchronizedGroups = (
				D831B4A42F0239600089CDFA /* SortformerTest */,
			);
			name = SortformerTest;
			packageProductDependencies = (
			);
			productName = SortformerTest;
			productReference = D831B4A22F0239600089CDFA /* SortformerTest.app */;
			productType = "com.apple.product-type.application";
		};
		D831B4B02F0239610089CDFA /* SortformerTestTests */ = {
			isa = PBXNativeTarget;
			buildConfigurationList = D831B4C82F0239610089CDFA /* Build configuration list for PBXNativeTarget "SortformerTestTests" */;
			buildPhases = (
				D831B4AD2F0239610089CDFA /* Sources */,
				D831B4AE2F0239610089CDFA /* Frameworks */,
				D831B4AF2F0239610089CDFA /* Resources */,
			);
			buildRules = (
			);
			dependencies = (
				D831B4B32F0239610089CDFA /* PBXTargetDependency */,
			);
			fileSystemSynchronizedGroups = (
				D831B4B42F0239610089CDFA /* SortformerTestTests */,
			);
			name = SortformerTestTests;
			packageProductDependencies = (
			);
			productName = SortformerTestTests;
			productReference = D831B4B12F0239610089CDFA /* SortformerTestTests.xctest */;
			productType = "com.apple.product-type.bundle.unit-test";
		};
		D831B4BA2F0239610089CDFA /* SortformerTestUITests */ = {
			isa = PBXNativeTarget;
			buildConfigurationList = D831B4CB2F0239610089CDFA /* Build configuration list for PBXNativeTarget "SortformerTestUITests" */;
			buildPhases = (
				D831B4B72F0239610089CDFA /* Sources */,
				D831B4B82F0239610089CDFA /* Frameworks */,
				D831B4B92F0239610089CDFA /* Resources */,
			);
			buildRules = (
			);
			dependencies = (
				D831B4BD2F0239610089CDFA /* PBXTargetDependency */,
			);
			fileSystemSynchronizedGroups = (
				D831B4BE2F0239610089CDFA /* SortformerTestUITests */,
			);
			name = SortformerTestUITests;
			packageProductDependencies = (
			);
			productName = SortformerTestUITests;
			productReference = D831B4BB2F0239610089CDFA /* SortformerTestUITests.xctest */;
			productType = "com.apple.product-type.bundle.ui-testing";
		};
/* End PBXNativeTarget section */

/* Begin PBXProject section */
		D831B49A2F0239600089CDFA /* Project object */ = {
			isa = PBXProject;
			attributes = {
				BuildIndependentTargetsInParallel = 1;
				LastSwiftUpdateCheck = 2620;
				LastUpgradeCheck = 2620;
				TargetAttributes = {
					D831B4A12F0239600089CDFA = {
						CreatedOnToolsVersion = 26.2;
					};
					D831B4B02F0239610089CDFA = {
						CreatedOnToolsVersion = 26.2;
						TestTargetID = D831B4A12F0239600089CDFA;
					};
					D831B4BA2F0239610089CDFA = {
						CreatedOnToolsVersion = 26.2;
						TestTargetID = D831B4A12F0239600089CDFA;
					};
				};
			};
			buildConfigurationList = D831B49D2F0239600089CDFA /* Build configuration list for PBXProject "SortformerTest" */;
			developmentRegion = en;
			hasScannedForEncodings = 0;
			knownRegions = (
				en,
				Base,
			);
			mainGroup = D831B4992F0239600089CDFA;
			minimizedProjectReferenceProxies = 1;
			preferredProjectObjectVersion = 77;
			productRefGroup = D831B4A32F0239600089CDFA /* Products */;
			projectDirPath = "";
			projectRoot = "";
			targets = (
				D831B4A12F0239600089CDFA /* SortformerTest */,
				D831B4B02F0239610089CDFA /* SortformerTestTests */,
				D831B4BA2F0239610089CDFA /* SortformerTestUITests */,
			);
		};
/* End PBXProject section */

/* Begin PBXResourcesBuildPhase section */
		D831B4A02F0239600089CDFA /* Resources */ = {
			isa = PBXResourcesBuildPhase;
			buildActionMask = 2147483647;
			files = (
			);
			runOnlyForDeploymentPostprocessing = 0;
		};
		D831B4AF2F0239610089CDFA /* Resources */ = {
			isa = PBXResourcesBuildPhase;
			buildActionMask = 2147483647;
			files = (
			);
			runOnlyForDeploymentPostprocessing = 0;
		};
		D831B4B92F0239610089CDFA /* Resources */ = {
			isa = PBXResourcesBuildPhase;
			buildActionMask = 2147483647;
			files = (
			);
			runOnlyForDeploymentPostprocessing = 0;
		};
/* End PBXResourcesBuildPhase section */

/* Begin PBXSourcesBuildPhase section */
		D831B49E2F0239600089CDFA /* Sources */ = {
			isa = PBXSourcesBuildPhase;
			buildActionMask = 2147483647;
			files = (
			);
			runOnlyForDeploymentPostprocessing = 0;
		};
		D831B4AD2F0239610089CDFA /* Sources */ = {
			isa = PBXSourcesBuildPhase;
			buildActionMask = 2147483647;
			files = (
			);
			runOnlyForDeploymentPostprocessing = 0;
		};
		D831B4B72F0239610089CDFA /* Sources */ = {
			isa = PBXSourcesBuildPhase;
			buildActionMask = 2147483647;
			files = (
			);
			runOnlyForDeploymentPostprocessing = 0;
		};
/* End PBXSourcesBuildPhase section */

/* Begin PBXTargetDependency section */
		D831B4B32F0239610089CDFA /* PBXTargetDependency */ = {
			isa = PBXTargetDependency;
			target = D831B4A12F0239600089CDFA /* SortformerTest */;
			targetProxy = D831B4B22F0239610089CDFA /* PBXContainerItemProxy */;
		};
		D831B4BD2F0239610089CDFA /* PBXTargetDependency */ = {
			isa = PBXTargetDependency;
			target = D831B4A12F0239600089CDFA /* SortformerTest */;
			targetProxy = D831B4BC2F0239610089CDFA /* PBXContainerItemProxy */;
		};
/* End PBXTargetDependency section */

/* Begin XCBuildConfiguration section */
		D831B4C32F0239610089CDFA /* Debug */ = {
			isa = XCBuildConfiguration;
			buildSettings = {
				ALWAYS_SEARCH_USER_PATHS = NO;
				ASSETCATALOG_COMPILER_GENERATE_SWIFT_ASSET_SYMBOL_EXTENSIONS = YES;
				CLANG_ANALYZER_NONNULL = YES;
				CLANG_ANALYZER_NUMBER_OBJECT_CONVERSION = YES_AGGRESSIVE;
				CLANG_CXX_LANGUAGE_STANDARD = "gnu++20";
				CLANG_ENABLE_MODULES = YES;
				CLANG_ENABLE_OBJC_ARC = YES;
				CLANG_ENABLE_OBJC_WEAK = YES;
				CLANG_WARN_BLOCK_CAPTURE_AUTORELEASING = YES;
				CLANG_WARN_BOOL_CONVERSION = YES;
				CLANG_WARN_COMMA = YES;
				CLANG_WARN_CONSTANT_CONVERSION = YES;
				CLANG_WARN_DEPRECATED_OBJC_IMPLEMENTATIONS = YES;
				CLANG_WARN_DIRECT_OBJC_ISA_USAGE = YES_ERROR;
				CLANG_WARN_DOCUMENTATION_COMMENTS = YES;
				CLANG_WARN_EMPTY_BODY = YES;
				CLANG_WARN_ENUM_CONVERSION = YES;
				CLANG_WARN_INFINITE_RECURSION = YES;
				CLANG_WARN_INT_CONVERSION = YES;
				CLANG_WARN_NON_LITERAL_NULL_CONVERSION = YES;
				CLANG_WARN_OBJC_IMPLICIT_RETAIN_SELF = YES;
				CLANG_WARN_OBJC_LITERAL_CONVERSION = YES;
				CLANG_WARN_OBJC_ROOT_CLASS = YES_ERROR;
				CLANG_WARN_QUOTED_INCLUDE_IN_FRAMEWORK_HEADER = YES;
				CLANG_WARN_RANGE_LOOP_ANALYSIS = YES;
				CLANG_WARN_STRICT_PROTOTYPES = YES;
				CLANG_WARN_SUSPICIOUS_MOVE = YES;
				CLANG_WARN_UNGUARDED_AVAILABILITY = YES_AGGRESSIVE;
				CLANG_WARN_UNREACHABLE_CODE = YES;
				CLANG_WARN__DUPLICATE_METHOD_MATCH = YES;
				COPY_PHASE_STRIP = NO;
				DEBUG_INFORMATION_FORMAT = dwarf;
				DEVELOPMENT_TEAM = X9PT5KMK89;
				ENABLE_STRICT_OBJC_MSGSEND = YES;
				ENABLE_TESTABILITY = YES;
				ENABLE_USER_SCRIPT_SANDBOXING = YES;
				GCC_C_LANGUAGE_STANDARD = gnu17;
				GCC_DYNAMIC_NO_PIC = NO;
				GCC_NO_COMMON_BLOCKS = YES;
				GCC_OPTIMIZATION_LEVEL = 0;
				GCC_PREPROCESSOR_DEFINITIONS = (
					"DEBUG=1",
					"$(inherited)",
				);
				GCC_WARN_64_TO_32_BIT_CONVERSION = YES;
				GCC_WARN_ABOUT_RETURN_TYPE = YES_ERROR;
				GCC_WARN_UNDECLARED_SELECTOR = YES;
				GCC_WARN_UNINITIALIZED_AUTOS = YES_AGGRESSIVE;
				GCC_WARN_UNUSED_FUNCTION = YES;
				GCC_WARN_UNUSED_VARIABLE = YES;
				LOCALIZATION_PREFERS_STRING_CATALOGS = YES;
				MACOSX_DEPLOYMENT_TARGET = 26.1;
				MTL_ENABLE_DEBUG_INFO = INCLUDE_SOURCE;
				MTL_FAST_MATH = YES;
				ONLY_ACTIVE_ARCH = YES;
				SDKROOT = macosx;
				SWIFT_ACTIVE_COMPILATION_CONDITIONS = "DEBUG $(inherited)";
				SWIFT_OPTIMIZATION_LEVEL = "-Onone";
			};
			name = Debug;
		};
		D831B4C42F0239610089CDFA /* Release */ = {
			isa = XCBuildConfiguration;
			buildSettings = {
				ALWAYS_SEARCH_USER_PATHS = NO;
				ASSETCATALOG_COMPILER_GENERATE_SWIFT_ASSET_SYMBOL_EXTENSIONS = YES;
				CLANG_ANALYZER_NONNULL = YES;
				CLANG_ANALYZER_NUMBER_OBJECT_CONVERSION = YES_AGGRESSIVE;
				CLANG_CXX_LANGUAGE_STANDARD = "gnu++20";
				CLANG_ENABLE_MODULES = YES;
				CLANG_ENABLE_OBJC_ARC = YES;
				CLANG_ENABLE_OBJC_WEAK = YES;
				CLANG_WARN_BLOCK_CAPTURE_AUTORELEASING = YES;
				CLANG_WARN_BOOL_CONVERSION = YES;
				CLANG_WARN_COMMA = YES;
				CLANG_WARN_CONSTANT_CONVERSION = YES;
				CLANG_WARN_DEPRECATED_OBJC_IMPLEMENTATIONS = YES;
				CLANG_WARN_DIRECT_OBJC_ISA_USAGE = YES_ERROR;
				CLANG_WARN_DOCUMENTATION_COMMENTS = YES;
				CLANG_WARN_EMPTY_BODY = YES;
				CLANG_WARN_ENUM_CONVERSION = YES;
				CLANG_WARN_INFINITE_RECURSION = YES;
				CLANG_WARN_INT_CONVERSION = YES;
				CLANG_WARN_NON_LITERAL_NULL_CONVERSION = YES;
				CLANG_WARN_OBJC_IMPLICIT_RETAIN_SELF = YES;
				CLANG_WARN_OBJC_LITERAL_CONVERSION = YES;
				CLANG_WARN_OBJC_ROOT_CLASS = YES_ERROR;
				CLANG_WARN_QUOTED_INCLUDE_IN_FRAMEWORK_HEADER = YES;
				CLANG_WARN_RANGE_LOOP_ANALYSIS = YES;
				CLANG_WARN_STRICT_PROTOTYPES = YES;
				CLANG_WARN_SUSPICIOUS_MOVE = YES;
				CLANG_WARN_UNGUARDED_AVAILABILITY = YES_AGGRESSIVE;
				CLANG_WARN_UNREACHABLE_CODE = YES;
				CLANG_WARN__DUPLICATE_METHOD_MATCH = YES;
				COPY_PHASE_STRIP = NO;
				DEBUG_INFORMATION_FORMAT = "dwarf-with-dsym";
				DEVELOPMENT_TEAM = X9PT5KMK89;
				ENABLE_NS_ASSERTIONS = NO;
				ENABLE_STRICT_OBJC_MSGSEND = YES;
				ENABLE_USER_SCRIPT_SANDBOXING = YES;
				GCC_C_LANGUAGE_STANDARD = gnu17;
				GCC_NO_COMMON_BLOCKS = YES;
				GCC_WARN_64_TO_32_BIT_CONVERSION = YES;
				GCC_WARN_ABOUT_RETURN_TYPE = YES_ERROR;
				GCC_WARN_UNDECLARED_SELECTOR = YES;
				GCC_WARN_UNINITIALIZED_AUTOS = YES_AGGRESSIVE;
				GCC_WARN_UNUSED_FUNCTION = YES;
				GCC_WARN_UNUSED_VARIABLE = YES;
				LOCALIZATION_PREFERS_STRING_CATALOGS = YES;
				MACOSX_DEPLOYMENT_TARGET = 26.1;
				MTL_ENABLE_DEBUG_INFO = NO;
				MTL_FAST_MATH = YES;
				SDKROOT = macosx;
				SWIFT_COMPILATION_MODE = wholemodule;
			};
			name = Release;
		};
		D831B4C62F0239610089CDFA /* Debug */ = {
			isa = XCBuildConfiguration;
			buildSettings = {
				ASSETCATALOG_COMPILER_APPICON_NAME = AppIcon;
				ASSETCATALOG_COMPILER_GLOBAL_ACCENT_COLOR_NAME = AccentColor;
				CODE_SIGN_STYLE = Automatic;
				COMBINE_HIDPI_IMAGES = YES;
				CURRENT_PROJECT_VERSION = 1;
				DEVELOPMENT_TEAM = X9PT5KMK89;
				ENABLE_APP_SANDBOX = YES;
				ENABLE_HARDENED_RUNTIME = YES;
				ENABLE_PREVIEWS = YES;
				ENABLE_USER_SELECTED_FILES = readonly;
				GENERATE_INFOPLIST_FILE = YES;
				INFOPLIST_KEY_NSHumanReadableCopyright = "";
				LD_RUNPATH_SEARCH_PATHS = (
					"$(inherited)",
					"@executable_path/../Frameworks",
				);
				MARKETING_VERSION = 1.0;
				PRODUCT_BUNDLE_IDENTIFIER = LearningSwift.SortformerTest;
				PRODUCT_NAME = "$(TARGET_NAME)";
				REGISTER_APP_GROUPS = YES;
				STRING_CATALOG_GENERATE_SYMBOLS = YES;
				SWIFT_APPROACHABLE_CONCURRENCY = YES;
				SWIFT_DEFAULT_ACTOR_ISOLATION = MainActor;
				SWIFT_EMIT_LOC_STRINGS = YES;
				SWIFT_UPCOMING_FEATURE_MEMBER_IMPORT_VISIBILITY = YES;
				SWIFT_VERSION = 5.0;
			};
			name = Debug;
		};
		D831B4C72F0239610089CDFA /* Release */ = {
			isa = XCBuildConfiguration;
			buildSettings = {
				ASSETCATALOG_COMPILER_APPICON_NAME = AppIcon;
				ASSETCATALOG_COMPILER_GLOBAL_ACCENT_COLOR_NAME = AccentColor;
				CODE_SIGN_STYLE = Automatic;
				COMBINE_HIDPI_IMAGES = YES;
				CURRENT_PROJECT_VERSION = 1;
				DEVELOPMENT_TEAM = X9PT5KMK89;
				ENABLE_APP_SANDBOX = YES;
				ENABLE_HARDENED_RUNTIME = YES;
				ENABLE_PREVIEWS = YES;
				ENABLE_USER_SELECTED_FILES = readonly;
				GENERATE_INFOPLIST_FILE = YES;
				INFOPLIST_KEY_NSHumanReadableCopyright = "";
				LD_RUNPATH_SEARCH_PATHS = (
					"$(inherited)",
					"@executable_path/../Frameworks",
				);
				MARKETING_VERSION = 1.0;
				PRODUCT_BUNDLE_IDENTIFIER = LearningSwift.SortformerTest;
				PRODUCT_NAME = "$(TARGET_NAME)";
				REGISTER_APP_GROUPS = YES;
				STRING_CATALOG_GENERATE_SYMBOLS = YES;
				SWIFT_APPROACHABLE_CONCURRENCY = YES;
				SWIFT_DEFAULT_ACTOR_ISOLATION = MainActor;
				SWIFT_EMIT_LOC_STRINGS = YES;
				SWIFT_UPCOMING_FEATURE_MEMBER_IMPORT_VISIBILITY = YES;
				SWIFT_VERSION = 5.0;
			};
			name = Release;
		};
		D831B4C92F0239610089CDFA /* Debug */ = {
			isa = XCBuildConfiguration;
			buildSettings = {
				BUNDLE_LOADER = "$(TEST_HOST)";
				CODE_SIGN_STYLE = Automatic;
				CURRENT_PROJECT_VERSION = 1;
				DEVELOPMENT_TEAM = X9PT5KMK89;
				GENERATE_INFOPLIST_FILE = YES;
				MACOSX_DEPLOYMENT_TARGET = 26.1;
				MARKETING_VERSION = 1.0;
				PRODUCT_BUNDLE_IDENTIFIER = LearningSwift.SortformerTestTests;
				PRODUCT_NAME = "$(TARGET_NAME)";
				STRING_CATALOG_GENERATE_SYMBOLS = NO;
				SWIFT_APPROACHABLE_CONCURRENCY = YES;
				SWIFT_EMIT_LOC_STRINGS = NO;
				SWIFT_UPCOMING_FEATURE_MEMBER_IMPORT_VISIBILITY = YES;
				SWIFT_VERSION = 5.0;
				TEST_HOST = "$(BUILT_PRODUCTS_DIR)/SortformerTest.app/$(BUNDLE_EXECUTABLE_FOLDER_PATH)/SortformerTest";
			};
			name = Debug;
		};
		D831B4CA2F0239610089CDFA /* Release */ = {
			isa = XCBuildConfiguration;
			buildSettings = {
				BUNDLE_LOADER = "$(TEST_HOST)";
				CODE_SIGN_STYLE = Automatic;
				CURRENT_PROJECT_VERSION = 1;
				DEVELOPMENT_TEAM = X9PT5KMK89;
				GENERATE_INFOPLIST_FILE = YES;
				MACOSX_DEPLOYMENT_TARGET = 26.1;
				MARKETING_VERSION = 1.0;
				PRODUCT_BUNDLE_IDENTIFIER = LearningSwift.SortformerTestTests;
				PRODUCT_NAME = "$(TARGET_NAME)";
				STRING_CATALOG_GENERATE_SYMBOLS = NO;
				SWIFT_APPROACHABLE_CONCURRENCY = YES;
				SWIFT_EMIT_LOC_STRINGS = NO;
				SWIFT_UPCOMING_FEATURE_MEMBER_IMPORT_VISIBILITY = YES;
				SWIFT_VERSION = 5.0;
				TEST_HOST = "$(BUILT_PRODUCTS_DIR)/SortformerTest.app/$(BUNDLE_EXECUTABLE_FOLDER_PATH)/SortformerTest";
			};
			name = Release;
		};
		D831B4CC2F0239610089CDFA /* Debug */ = {
			isa = XCBuildConfiguration;
			buildSettings = {
				CODE_SIGN_STYLE = Automatic;
				CURRENT_PROJECT_VERSION = 1;
				DEVELOPMENT_TEAM = X9PT5KMK89;
				GENERATE_INFOPLIST_FILE = YES;
				MARKETING_VERSION = 1.0;
				PRODUCT_BUNDLE_IDENTIFIER = LearningSwift.SortformerTestUITests;
				PRODUCT_NAME = "$(TARGET_NAME)";
				STRING_CATALOG_GENERATE_SYMBOLS = NO;
				SWIFT_APPROACHABLE_CONCURRENCY = YES;
				SWIFT_EMIT_LOC_STRINGS = NO;
				SWIFT_UPCOMING_FEATURE_MEMBER_IMPORT_VISIBILITY = YES;
				SWIFT_VERSION = 5.0;
				TEST_TARGET_NAME = SortformerTest;
			};
			name = Debug;
		};
		D831B4CD2F0239610089CDFA /* Release */ = {
			isa = XCBuildConfiguration;
			buildSettings = {
				CODE_SIGN_STYLE = Automatic;
				CURRENT_PROJECT_VERSION = 1;
				DEVELOPMENT_TEAM = X9PT5KMK89;
				GENERATE_INFOPLIST_FILE = YES;
				MARKETING_VERSION = 1.0;
				PRODUCT_BUNDLE_IDENTIFIER = LearningSwift.SortformerTestUITests;
				PRODUCT_NAME = "$(TARGET_NAME)";
				STRING_CATALOG_GENERATE_SYMBOLS = NO;
				SWIFT_APPROACHABLE_CONCURRENCY = YES;
				SWIFT_EMIT_LOC_STRINGS = NO;
				SWIFT_UPCOMING_FEATURE_MEMBER_IMPORT_VISIBILITY = YES;
				SWIFT_VERSION = 5.0;
				TEST_TARGET_NAME = SortformerTest;
			};
			name = Release;
		};
/* End XCBuildConfiguration section */

/* Begin XCConfigurationList section */
		D831B49D2F0239600089CDFA /* Build configuration list for PBXProject "SortformerTest" */ = {
			isa = XCConfigurationList;
			buildConfigurations = (
				D831B4C32F0239610089CDFA /* Debug */,
				D831B4C42F0239610089CDFA /* Release */,
			);
			defaultConfigurationIsVisible = 0;
			defaultConfigurationName = Release;
		};
		D831B4C52F0239610089CDFA /* Build configuration list for PBXNativeTarget "SortformerTest" */ = {
			isa = XCConfigurationList;
			buildConfigurations = (
				D831B4C62F0239610089CDFA /* Debug */,
				D831B4C72F0239610089CDFA /* Release */,
			);
			defaultConfigurationIsVisible = 0;
			defaultConfigurationName = Release;
		};
		D831B4C82F0239610089CDFA /* Build configuration list for PBXNativeTarget "SortformerTestTests" */ = {
			isa = XCConfigurationList;
			buildConfigurations = (
				D831B4C92F0239610089CDFA /* Debug */,
				D831B4CA2F0239610089CDFA /* Release */,
			);
			defaultConfigurationIsVisible = 0;
			defaultConfigurationName = Release;
		};
		D831B4CB2F0239610089CDFA /* Build configuration list for PBXNativeTarget "SortformerTestUITests" */ = {
			isa = XCConfigurationList;
			buildConfigurations = (
				D831B4CC2F0239610089CDFA /* Debug */,
				D831B4CD2F0239610089CDFA /* Release */,
			);
			defaultConfigurationIsVisible = 0;
			defaultConfigurationName = Release;
		};
/* End XCConfigurationList section */
	};
	rootObject = D831B49A2F0239600089CDFA /* Project object */;
}
